// !$*UTF8*$!
{
	archiveVersion = 1;
	classes = {
	};
	objectVersion = 46;
	objects = {

/* Begin PBXBuildFile section */
		6C64F0C01DA96542009BB471 /* AppDelegate.swift in Sources */ = {isa = PBXBuildFile; fileRef = 6C64F0BF1DA96542009BB471 /* AppDelegate.swift */; };
		6C64F0C21DA96542009BB471 /* ViewController.swift in Sources */ = {isa = PBXBuildFile; fileRef = 6C64F0C11DA96542009BB471 /* ViewController.swift */; };
		6C64F0C51DA96542009BB471 /* Main.storyboard in Resources */ = {isa = PBXBuildFile; fileRef = 6C64F0C31DA96542009BB471 /* Main.storyboard */; };
		6C64F0C71DA96542009BB471 /* Assets.xcassets in Resources */ = {isa = PBXBuildFile; fileRef = 6C64F0C61DA96542009BB471 /* Assets.xcassets */; };
		6C64F0CA1DA96542009BB471 /* LaunchScreen.storyboard in Resources */ = {isa = PBXBuildFile; fileRef = 6C64F0C81DA96542009BB471 /* LaunchScreen.storyboard */; };
/* End PBXBuildFile section */

/* Begin PBXFileReference section */
		6C64F0BC1DA96542009BB471 /* save-the-kittens.app */ = {isa = PBXFileReference; explicitFileType = wrapper.application; includeInIndex = 0; path = "save-the-kittens.app"; sourceTree = BUILT_PRODUCTS_DIR; };
		6C64F0BF1DA96542009BB471 /* AppDelegate.swift */ = {isa = PBXFileReference; lastKnownFileType = sourcecode.swift; path = AppDelegate.swift; sourceTree = "<group>"; };
		6C64F0C11DA96542009BB471 /* ViewController.swift */ = {isa = PBXFileReference; lastKnownFileType = sourcecode.swift; path = ViewController.swift; sourceTree = "<group>"; };
		6C64F0C41DA96542009BB471 /* Base */ = {isa = PBXFileReference; lastKnownFileType = file.storyboard; name = Base; path = Base.lproj/Main.storyboard; sourceTree = "<group>"; };
		6C64F0C61DA96542009BB471 /* Assets.xcassets */ = {isa = PBXFileReference; lastKnownFileType = folder.assetcatalog; path = Assets.xcassets; sourceTree = "<group>"; };
		6C64F0C91DA96542009BB471 /* Base */ = {isa = PBXFileReference; lastKnownFileType = file.storyboard; name = Base; path = Base.lproj/LaunchScreen.storyboard; sourceTree = "<group>"; };
		6C64F0CB1DA96542009BB471 /* Info.plist */ = {isa = PBXFileReference; lastKnownFileType = text.plist.xml; path = Info.plist; sourceTree = "<group>"; };
/* End PBXFileReference section */

/* Begin PBXFrameworksBuildPhase section */
		6C64F0B91DA96542009BB471 /* Frameworks */ = {
			isa = PBXFrameworksBuildPhase;
			buildActionMask = 2147483647;
			files = (
			);
			runOnlyForDeploymentPostprocessing = 0;
		};
/* End PBXFrameworksBuildPhase section */

/* Begin PBXGroup section */
		6C64F0B31DA96542009BB471 = {
			isa = PBXGroup;
			children = (
				6C64F0BE1DA96542009BB471 /* save-the-kittens */,
				6C64F0BD1DA96542009BB471 /* Products */,
			);
			sourceTree = "<group>";
		};
		6C64F0BD1DA96542009BB471 /* Products */ = {
			isa = PBXGroup;
			children = (
				6C64F0BC1DA96542009BB471 /* save-the-kittens.app */,
			);
			name = Products;
			sourceTree = "<group>";
		};
		6C64F0BE1DA96542009BB471 /* save-the-kittens */ = {
			isa = PBXGroup;
			children = (
				6C64F0BF1DA96542009BB471 /* AppDelegate.swift */,
				6C64F0C11DA96542009BB471 /* ViewController.swift */,
				6C64F0C31DA96542009BB471 /* Main.storyboard */,
				6C64F0C61DA96542009BB471 /* Assets.xcassets */,
				6C64F0C81DA96542009BB471 /* LaunchScreen.storyboard */,
				6C64F0CB1DA96542009BB471 /* Info.plist */,
			);
			path = "save-the-kittens";
			sourceTree = "<group>";
		};
/* End PBXGroup section */

/* Begin PBXNativeTarget section */
		6C64F0BB1DA96542009BB471 /* save-the-kittens */ = {
			isa = PBXNativeTarget;
			buildConfigurationList = 6C64F0CE1DA96542009BB471 /* Build configuration list for PBXNativeTarget "save-the-kittens" */;
			buildPhases = (
				6C64F0B81DA96542009BB471 /* Sources */,
				6C64F0B91DA96542009BB471 /* Frameworks */,
				6C64F0BA1DA96542009BB471 /* Resources */,
			);
			buildRules = (
			);
			dependencies = (
			);
			name = "save-the-kittens";
			productName = "save-the-kittens";
			productReference = 6C64F0BC1DA96542009BB471 /* save-the-kittens.app */;
			productType = "com.apple.product-type.application";
		};
/* End PBXNativeTarget section */

/* Begin PBXProject section */
		6C64F0B41DA96542009BB471 /* Project object */ = {
			isa = PBXProject;
			attributes = {
				LastSwiftUpdateCheck = 0800;
				LastUpgradeCheck = 0800;
				ORGANIZATIONNAME = kamra;
				TargetAttributes = {
					6C64F0BB1DA96542009BB471 = {
						CreatedOnToolsVersion = 8.0;
						ProvisioningStyle = Automatic;
					};
				};
			};
			buildConfigurationList = 6C64F0B71DA96542009BB471 /* Build configuration list for PBXProject "save-the-kittens" */;
			compatibilityVersion = "Xcode 3.2";
			developmentRegion = English;
			hasScannedForEncodings = 0;
			knownRegions = (
				en,
				Base,
			);
			mainGroup = 6C64F0B31DA96542009BB471;
			productRefGroup = 6C64F0BD1DA96542009BB471 /* Products */;
			projectDirPath = "";
			projectRoot = "";
			targets = (
				6C64F0BB1DA96542009BB471 /* save-the-kittens */,
			);
		};
/* End PBXProject section */

/* Begin PBXResourcesBuildPhase section */
		6C64F0BA1DA96542009BB471 /* Resources */ = {
			isa = PBXResourcesBuildPhase;
			buildActionMask = 2147483647;
			files = (
				6C64F0CA1DA96542009BB471 /* LaunchScreen.storyboard in Resources */,
				6C64F0C71DA96542009BB471 /* Assets.xcassets in Resources */,
				6C64F0C51DA96542009BB471 /* Main.storyboard in Resources */,
			);
			runOnlyForDeploymentPostprocessing = 0;
		};
/* End PBXResourcesBuildPhase section */

/* Begin PBXSourcesBuildPhase section */
		6C64F0B81DA96542009BB471 /* Sources */ = {
			isa = PBXSourcesBuildPhase;
			buildActionMask = 2147483647;
			files = (
				6C64F0C21DA96542009BB471 /* ViewController.swift in Sources */,
				6C64F0C01DA96542009BB471 /* AppDelegate.swift in Sources */,
			);
			runOnlyForDeploymentPostprocessing = 0;
		};
/* End PBXSourcesBuildPhase section */

/* Begin PBXVariantGroup section */
		6C64F0C31DA96542009BB471 /* Main.storyboard */ = {
			isa = PBXVariantGroup;
			children = (
				6C64F0C41DA96542009BB471 /* Base */,
			);
			name = Main.storyboard;
			sourceTree = "<group>";
		};
		6C64F0C81DA96542009BB471 /* LaunchScreen.storyboard */ = {
			isa = PBXVariantGroup;
			children = (
				6C64F0C91DA96542009BB471 /* Base */,
			);
			name = LaunchScreen.storyboard;
			sourceTree = "<group>";
		};
/* End PBXVariantGroup section */

/* Begin XCBuildConfiguration section */
		6C64F0CC1DA96542009BB471 /* Debug */ = {
			isa = XCBuildConfiguration;
			buildSettings = {
				ALWAYS_SEARCH_USER_PATHS = NO;
				CLANG_ANALYZER_NONNULL = YES;
				CLANG_CXX_LANGUAGE_STANDARD = "gnu++0x";
				CLANG_CXX_LIBRARY = "libc++";
				CLANG_ENABLE_MODULES = YES;
				CLANG_ENABLE_OBJC_ARC = YES;
				CLANG_WARN_BOOL_CONVERSION = YES;
				CLANG_WARN_CONSTANT_CONVERSION = YES;
				CLANG_WARN_DIRECT_OBJC_ISA_USAGE = YES_ERROR;
				CLANG_WARN_DOCUMENTATION_COMMENTS = YES;
				CLANG_WARN_EMPTY_BODY = YES;
				CLANG_WARN_ENUM_CONVERSION = YES;
				CLANG_WARN_INFINITE_RECURSION = YES;
				CLANG_WARN_INT_CONVERSION = YES;
				CLANG_WARN_OBJC_ROOT_CLASS = YES_ERROR;
				CLANG_WARN_SUSPICIOUS_MOVES = YES;
				CLANG_WARN_UNREACHABLE_CODE = YES;
				CLANG_WARN__DUPLICATE_METHOD_MATCH = YES;
				"CODE_SIGN_IDENTITY[sdk=iphoneos*]" = "iPhone Developer";
				COPY_PHASE_STRIP = NO;
				DEBUG_INFORMATION_FORMAT = dwarf;
				ENABLE_STRICT_OBJC_MSGSEND = YES;
				ENABLE_TESTABILITY = YES;
				GCC_C_LANGUAGE_STANDARD = gnu99;
				GCC_DYNAMIC_NO_PIC = NO;
				GCC_NO_COMMON_BLOCKS = YES;
				GCC_OPTIMIZATION_LEVEL = 0;
				GCC_PREPROCESSOR_DEFINITIONS = (
					"DEBUG=1",
					"$(inherited)",
				);
				GCC_WARN_64_TO_32_BIT_CONVERSION = YES;
				GCC_WARN_ABOUT_RETURN_TYPE = YES_ERROR;
				GCC_WARN_UNDECLARED_SELECTOR = YES;
				GCC_WARN_UNINITIALIZED_AUTOS = YES_AGGRESSIVE;
				GCC_WARN_UNUSED_FUNCTION = YES;
				GCC_WARN_UNUSED_VARIABLE = YES;
				IPHONEOS_DEPLOYMENT_TARGET = 10.0;
				MTL_ENABLE_DEBUG_INFO = YES;
				ONLY_ACTIVE_ARCH = YES;
				SDKROOT = iphoneos;
				SWIFT_ACTIVE_COMPILATION_CONDITIONS = DEBUG;
				SWIFT_OPTIMIZATION_LEVEL = "-Onone";
				TARGETED_DEVICE_FAMILY = "1,2";
			};
			name = Debug;
		};
		6C64F0CD1DA96542009BB471 /* Release */ = {
			isa = XCBuildConfiguration;
			buildSettings = {
				ALWAYS_SEARCH_USER_PATHS = NO;
				CLANG_ANALYZER_NONNULL = YES;
				CLANG_CXX_LANGUAGE_STANDARD = "gnu++0x";
				CLANG_CXX_LIBRARY = "libc++";
				CLANG_ENABLE_MODULES = YES;
				CLANG_ENABLE_OBJC_ARC = YES;
				CLANG_WARN_BOOL_CONVERSION = YES;
				CLANG_WARN_CONSTANT_CONVERSION = YES;
				CLANG_WARN_DIRECT_OBJC_ISA_USAGE = YES_ERROR;
				CLANG_WARN_DOCUMENTATION_COMMENTS = YES;
				CLANG_WARN_EMPTY_BODY = YES;
				CLANG_WARN_ENUM_CONVERSION = YES;
				CLANG_WARN_INFINITE_RECURSION = YES;
				CLANG_WARN_INT_CONVERSION = YES;
				CLANG_WARN_OBJC_ROOT_CLASS = YES_ERROR;
				CLANG_WARN_SUSPICIOUS_MOVES = YES;
				CLANG_WARN_UNREACHABLE_CODE = YES;
				CLANG_WARN__DUPLICATE_METHOD_MATCH = YES;
				"CODE_SIGN_IDENTITY[sdk=iphoneos*]" = "iPhone Developer";
				COPY_PHASE_STRIP = NO;
				DEBUG_INFORMATION_FORMAT = "dwarf-with-dsym";
				ENABLE_NS_ASSERTIONS = NO;
				ENABLE_STRICT_OBJC_MSGSEND = YES;
				GCC_C_LANGUAGE_STANDARD = gnu99;
				GCC_NO_COMMON_BLOCKS = YES;
				GCC_WARN_64_TO_32_BIT_CONVERSION = YES;
				GCC_WARN_ABOUT_RETURN_TYPE = YES_ERROR;
				GCC_WARN_UNDECLARED_SELECTOR = YES;
				GCC_WARN_UNINITIALIZED_AUTOS = YES_AGGRESSIVE;
				GCC_WARN_UNUSED_FUNCTION = YES;
				GCC_WARN_UNUSED_VARIABLE = YES;
				IPHONEOS_DEPLOYMENT_TARGET = 10.0;
				MTL_ENABLE_DEBUG_INFO = NO;
				SDKROOT = iphoneos;
				SWIFT_OPTIMIZATION_LEVEL = "-Owholemodule";
				TARGETED_DEVICE_FAMILY = "1,2";
				VALIDATE_PRODUCT = YES;
			};
			name = Release;
		};
		6C64F0CF1DA96542009BB471 /* Debug */ = {
			isa = XCBuildConfiguration;
			buildSettings = {
				ASSETCATALOG_COMPILER_APPICON_NAME = AppIcon;
				INFOPLIST_FILE = "save-the-kittens/Info.plist";
				LD_RUNPATH_SEARCH_PATHS = "$(inherited) @executable_path/Frameworks";
				PRODUCT_BUNDLE_IDENTIFIER = "com.kamra.save-the-kittens";
				PRODUCT_NAME = "$(TARGET_NAME)";
				SWIFT_VERSION = 3.0;
			};
			name = Debug;
		};
		6C64F0D01DA96542009BB471 /* Release */ = {
			isa = XCBuildConfiguration;
			buildSettings = {
				ASSETCATALOG_COMPILER_APPICON_NAME = AppIcon;
				INFOPLIST_FILE = "save-the-kittens/Info.plist";
				LD_RUNPATH_SEARCH_PATHS = "$(inherited) @executable_path/Frameworks";
				PRODUCT_BUNDLE_IDENTIFIER = "com.kamra.save-the-kittens";
				PRODUCT_NAME = "$(TARGET_NAME)";
				SWIFT_VERSION = 3.0;
			};
			name = Release;
		};
/* End XCBuildConfiguration section */

/* Begin XCConfigurationList section */
		6C64F0B71DA96542009BB471 /* Build configuration list for PBXProject "save-the-kittens" */ = {
			isa = XCConfigurationList;
			buildConfigurations = (
				6C64F0CC1DA96542009BB471 /* Debug */,
				6C64F0CD1DA96542009BB471 /* Release */,
			);
			defaultConfigurationIsVisible = 0;
			defaultConfigurationName = Release;
		};
		6C64F0CE1DA96542009BB471 /* Build configuration list for PBXNativeTarget "save-the-kittens" */ = {
			isa = XCConfigurationList;
			buildConfigurations = (
				6C64F0CF1DA96542009BB471 /* Debug */,
				6C64F0D01DA96542009BB471 /* Release */,
			);
			defaultConfigurationIsVisible = 0;
		};
/* End XCConfigurationList section */
	};
	rootObject = 6C64F0B41DA96542009BB471 /* Project object */;
}
